
Microsoft Visual Studio Solution File, Format Version 12.00
# Visual Studio Version 17
VisualStudioVersion = 17.8.34408.163
MinimumVisualStudioVersion = 10.0.40219.1
Project("{FAE04EC0-301F-11D3-BF4B-00C04F79EFBC}") = "DairyDelights", "DairyDelights\DairyDelights.csproj", "{41591947-DBB0-4794-953C-B586A33E0A7A}"
EndProject
Global
	GlobalSection(SolutionConfigurationPlatforms) = preSolution
		Debug|Any CPU = Debug|Any CPU
		Release|Any CPU = Release|Any CPU
	EndGlobalSection
	GlobalSection(ProjectConfigurationPlatforms) = postSolution
		{41591947-DBB0-4794-953C-B586A33E0A7A}.Debug|Any CPU.ActiveCfg = Debug|Any CPU
		{41591947-DBB0-4794-953C-B586A33E0A7A}.Debug|Any CPU.Build.0 = Debug|Any CPU
		{41591947-DBB0-4794-953C-B586A33E0A7A}.Release|Any CPU.ActiveCfg = Release|Any CPU
		{41591947-DBB0-4794-953C-B586A33E0A7A}.Release|Any CPU.Build.0 = Release|Any CPU
	EndGlobalSection
	GlobalSection(SolutionProperties) = preSolution
		HideSolutionNode = FALSE
	EndGlobalSection
	GlobalSection(ExtensibilityGlobals) = postSolution
		SolutionGuid = {D040D681-4272-4A19-AD35-19E1970DC84B}
	EndGlobalSection
EndGlobal
