
Microsoft Visual Studio Solution File, Format Version 12.00
# Visual Studio Version 17
VisualStudioVersion = 17.8.34408.163
MinimumVisualStudioVersion = 10.0.40219.1
Project("{FAE04EC0-301F-11D3-BF4B-00C04F79EFBC}") = "Task6", "Task6\Task6.csproj", "{DB71027C-82F9-429B-B10B-E5DAB2FEC20A}"
EndProject
Global
	GlobalSection(SolutionConfigurationPlatforms) = preSolution
		Debug|Any CPU = Debug|Any CPU
		Release|Any CPU = Release|Any CPU
	EndGlobalSection
	GlobalSection(ProjectConfigurationPlatforms) = postSolution
		{DB71027C-82F9-429B-B10B-E5DAB2FEC20A}.Debug|Any CPU.ActiveCfg = Debug|Any CPU
		{DB71027C-82F9-429B-B10B-E5DAB2FEC20A}.Debug|Any CPU.Build.0 = Debug|Any CPU
		{DB71027C-82F9-429B-B10B-E5DAB2FEC20A}.Release|Any CPU.ActiveCfg = Release|Any CPU
		{DB71027C-82F9-429B-B10B-E5DAB2FEC20A}.Release|Any CPU.Build.0 = Release|Any CPU
	EndGlobalSection
	GlobalSection(SolutionProperties) = preSolution
		HideSolutionNode = FALSE
	EndGlobalSection
	GlobalSection(ExtensibilityGlobals) = postSolution
		SolutionGuid = {943AA861-0A79-4108-8CB0-0B1F12000DA4}
	EndGlobalSection
EndGlobal
