
Microsoft Visual Studio Solution File, Format Version 12.00
# Visual Studio Version 17
VisualStudioVersion = 17.8.34408.163
MinimumVisualStudioVersion = 10.0.40219.1
Project("{FAE04EC0-301F-11D3-BF4B-00C04F79EFBC}") = "Task5", "Task5\Task5.csproj", "{2AC308F4-124C-4E05-9CD1-A8E2075199BE}"
EndProject
Global
	GlobalSection(SolutionConfigurationPlatforms) = preSolution
		Debug|Any CPU = Debug|Any CPU
		Release|Any CPU = Release|Any CPU
	EndGlobalSection
	GlobalSection(ProjectConfigurationPlatforms) = postSolution
		{2AC308F4-124C-4E05-9CD1-A8E2075199BE}.Debug|Any CPU.ActiveCfg = Debug|Any CPU
		{2AC308F4-124C-4E05-9CD1-A8E2075199BE}.Debug|Any CPU.Build.0 = Debug|Any CPU
		{2AC308F4-124C-4E05-9CD1-A8E2075199BE}.Release|Any CPU.ActiveCfg = Release|Any CPU
		{2AC308F4-124C-4E05-9CD1-A8E2075199BE}.Release|Any CPU.Build.0 = Release|Any CPU
	EndGlobalSection
	GlobalSection(SolutionProperties) = preSolution
		HideSolutionNode = FALSE
	EndGlobalSection
	GlobalSection(ExtensibilityGlobals) = postSolution
		SolutionGuid = {CA47C9F3-CBF7-41B3-AEF4-167B565AF52C}
	EndGlobalSection
EndGlobal
